
Microsoft Visual Studio Solution File, Format Version 12.00
# Visual Studio Version 16
VisualStudioVersion = 16.0.29911.84
MinimumVisualStudioVersion = 10.0.40219.1
Project("{FAE04EC0-301F-11D3-BF4B-00C04F79EFBC}") = "SomethingIdAndBlaBla", "SomethingIdAndBlaBla\SomethingIdAndBlaBla.csproj", "{01930F91-07AA-454D-B9F4-4EC9C29574DA}"
EndProject
Global
	GlobalSection(SolutionConfigurationPlatforms) = preSolution
		Debug|Any CPU = Debug|Any CPU
		Release|Any CPU = Release|Any CPU
	EndGlobalSection
	GlobalSection(ProjectConfigurationPlatforms) = postSolution
		{01930F91-07AA-454D-B9F4-4EC9C29574DA}.Debug|Any CPU.ActiveCfg = Debug|Any CPU
		{01930F91-07AA-454D-B9F4-4EC9C29574DA}.Debug|Any CPU.Build.0 = Debug|Any CPU
		{01930F91-07AA-454D-B9F4-4EC9C29574DA}.Release|Any CPU.ActiveCfg = Release|Any CPU
		{01930F91-07AA-454D-B9F4-4EC9C29574DA}.Release|Any CPU.Build.0 = Release|Any CPU
	EndGlobalSection
	GlobalSection(SolutionProperties) = preSolution
		HideSolutionNode = FALSE
	EndGlobalSection
	GlobalSection(ExtensibilityGlobals) = postSolution
		SolutionGuid = {296A9A1D-3E23-4CB2-ABD6-794DC2F0F618}
	EndGlobalSection
EndGlobal
