
Microsoft Visual Studio Solution File, Format Version 12.00
# Visual Studio Version 16
VisualStudioVersion = 16.0.29806.167
MinimumVisualStudioVersion = 10.0.40219.1
Project("{FAE04EC0-301F-11D3-BF4B-00C04F79EFBC}") = "ThreadsIt", "ThreadsIt\ThreadsIt.csproj", "{599727F8-C608-43BD-8A26-3C2A09F6D2FB}"
EndProject
Global
	GlobalSection(SolutionConfigurationPlatforms) = preSolution
		Debug|Any CPU = Debug|Any CPU
		Release|Any CPU = Release|Any CPU
	EndGlobalSection
	GlobalSection(ProjectConfigurationPlatforms) = postSolution
		{599727F8-C608-43BD-8A26-3C2A09F6D2FB}.Debug|Any CPU.ActiveCfg = Debug|Any CPU
		{599727F8-C608-43BD-8A26-3C2A09F6D2FB}.Debug|Any CPU.Build.0 = Debug|Any CPU
		{599727F8-C608-43BD-8A26-3C2A09F6D2FB}.Release|Any CPU.ActiveCfg = Release|Any CPU
		{599727F8-C608-43BD-8A26-3C2A09F6D2FB}.Release|Any CPU.Build.0 = Release|Any CPU
	EndGlobalSection
	GlobalSection(SolutionProperties) = preSolution
		HideSolutionNode = FALSE
	EndGlobalSection
	GlobalSection(ExtensibilityGlobals) = postSolution
		SolutionGuid = {96EA4800-A307-4422-8B95-02B4B881C5A4}
	EndGlobalSection
EndGlobal
